
Microsoft Visual Studio Solution File, Format Version 12.00
# Visual Studio 15
VisualStudioVersion = 15.0.27703.2000
MinimumVisualStudioVersion = 10.0.40219.1
Project("{FAE04EC0-301F-11D3-BF4B-00C04F79EFBC}") = "TestConsole", "TestConsole\TestConsole.csproj", "{C42670BF-907F-4124-9ECA-1468EE3F5F51}"
EndProject
Project("{E24C65DC-7377-472B-9ABA-BC803B73C61A}") = "TestWeb", "TestWeb\", "{D3FF88FC-D8C1-42EC-8FA1-5A436B37475D}"
	ProjectSection(WebsiteProperties) = preProject
		TargetFrameworkMoniker = ".NETFramework,Version%3Dv4.5.2"
		Debug.AspNetCompiler.VirtualPath = "/localhost_64800"
		Debug.AspNetCompiler.PhysicalPath = "TestWeb\"
		Debug.AspNetCompiler.TargetPath = "PrecompiledWeb\localhost_64800\"
		Debug.AspNetCompiler.Updateable = "true"
		Debug.AspNetCompiler.ForceOverwrite = "true"
		Debug.AspNetCompiler.FixedNames = "false"
		Debug.AspNetCompiler.Debug = "True"
		Release.AspNetCompiler.VirtualPath = "/localhost_64800"
		Release.AspNetCompiler.PhysicalPath = "TestWeb\"
		Release.AspNetCompiler.TargetPath = "PrecompiledWeb\localhost_64800\"
		Release.AspNetCompiler.Updateable = "true"
		Release.AspNetCompiler.ForceOverwrite = "true"
		Release.AspNetCompiler.FixedNames = "false"
		Release.AspNetCompiler.Debug = "False"
		VWDPort = "64800"
		SlnRelativePath = "TestWeb\"
		DefaultWebSiteLanguage = "Visual C#"
	EndProjectSection
EndProject
Project("{FAE04EC0-301F-11D3-BF4B-00C04F79EFBC}") = "FormsAuthAd", "FormsAuthAd\FormsAuthAd.csproj", "{F45FF0B8-B7D2-4953-B5C6-6758C0AC1D9D}"
EndProject
Project("{FAE04EC0-301F-11D3-BF4B-00C04F79EFBC}") = "Web.Common", "Web.Common\Web.Common.csproj", "{833C70FB-6554-4DF4-AE0F-5053B9B15EA5}"
EndProject
Project("{FAE04EC0-301F-11D3-BF4B-00C04F79EFBC}") = "FDDWeb", "FDDWeb\FDDWeb.csproj", "{3C716DB6-4E6E-485B-8C65-4BEA5FFBBB71}"
EndProject
Project("{FAE04EC0-301F-11D3-BF4B-00C04F79EFBC}") = "FDDWeb.Tests", "FDDWeb.Tests\FDDWeb.Tests.csproj", "{706B135B-1354-43BD-B42E-BDD11A9623A1}"
EndProject
Project("{E24C65DC-7377-472B-9ABA-BC803B73C61A}") = "User_Roles_CS", "User_Roles_CS\", "{0656CCA0-6E11-4D04-9792-2B46A2F36D58}"
	ProjectSection(WebsiteProperties) = preProject
		TargetFrameworkMoniker = ".NETFramework,Version%3Dv4.0"
		Debug.AspNetCompiler.VirtualPath = "/localhost_51840"
		Debug.AspNetCompiler.PhysicalPath = "User_Roles_CS\"
		Debug.AspNetCompiler.TargetPath = "PrecompiledWeb\localhost_51840\"
		Debug.AspNetCompiler.Updateable = "true"
		Debug.AspNetCompiler.ForceOverwrite = "true"
		Debug.AspNetCompiler.FixedNames = "false"
		Debug.AspNetCompiler.Debug = "True"
		Release.AspNetCompiler.VirtualPath = "/localhost_51840"
		Release.AspNetCompiler.PhysicalPath = "User_Roles_CS\"
		Release.AspNetCompiler.TargetPath = "PrecompiledWeb\localhost_51840\"
		Release.AspNetCompiler.Updateable = "true"
		Release.AspNetCompiler.ForceOverwrite = "true"
		Release.AspNetCompiler.FixedNames = "false"
		Release.AspNetCompiler.Debug = "False"
		VWDPort = "51840"
		SlnRelativePath = "User_Roles_CS\"
	EndProjectSection
EndProject
Global
	GlobalSection(SolutionConfigurationPlatforms) = preSolution
		Debug|Any CPU = Debug|Any CPU
		Release|Any CPU = Release|Any CPU
	EndGlobalSection
	GlobalSection(ProjectConfigurationPlatforms) = postSolution
		{C42670BF-907F-4124-9ECA-1468EE3F5F51}.Debug|Any CPU.ActiveCfg = Debug|Any CPU
		{C42670BF-907F-4124-9ECA-1468EE3F5F51}.Debug|Any CPU.Build.0 = Debug|Any CPU
		{C42670BF-907F-4124-9ECA-1468EE3F5F51}.Release|Any CPU.ActiveCfg = Release|Any CPU
		{C42670BF-907F-4124-9ECA-1468EE3F5F51}.Release|Any CPU.Build.0 = Release|Any CPU
		{D3FF88FC-D8C1-42EC-8FA1-5A436B37475D}.Debug|Any CPU.ActiveCfg = Debug|Any CPU
		{D3FF88FC-D8C1-42EC-8FA1-5A436B37475D}.Debug|Any CPU.Build.0 = Debug|Any CPU
		{D3FF88FC-D8C1-42EC-8FA1-5A436B37475D}.Release|Any CPU.ActiveCfg = Debug|Any CPU
		{D3FF88FC-D8C1-42EC-8FA1-5A436B37475D}.Release|Any CPU.Build.0 = Debug|Any CPU
		{F45FF0B8-B7D2-4953-B5C6-6758C0AC1D9D}.Debug|Any CPU.ActiveCfg = Debug|Any CPU
		{F45FF0B8-B7D2-4953-B5C6-6758C0AC1D9D}.Debug|Any CPU.Build.0 = Debug|Any CPU
		{F45FF0B8-B7D2-4953-B5C6-6758C0AC1D9D}.Release|Any CPU.ActiveCfg = Release|Any CPU
		{F45FF0B8-B7D2-4953-B5C6-6758C0AC1D9D}.Release|Any CPU.Build.0 = Release|Any CPU
		{833C70FB-6554-4DF4-AE0F-5053B9B15EA5}.Debug|Any CPU.ActiveCfg = Debug|Any CPU
		{833C70FB-6554-4DF4-AE0F-5053B9B15EA5}.Debug|Any CPU.Build.0 = Debug|Any CPU
		{833C70FB-6554-4DF4-AE0F-5053B9B15EA5}.Release|Any CPU.ActiveCfg = Release|Any CPU
		{833C70FB-6554-4DF4-AE0F-5053B9B15EA5}.Release|Any CPU.Build.0 = Release|Any CPU
		{3C716DB6-4E6E-485B-8C65-4BEA5FFBBB71}.Debug|Any CPU.ActiveCfg = Debug|Any CPU
		{3C716DB6-4E6E-485B-8C65-4BEA5FFBBB71}.Debug|Any CPU.Build.0 = Debug|Any CPU
		{3C716DB6-4E6E-485B-8C65-4BEA5FFBBB71}.Release|Any CPU.ActiveCfg = Release|Any CPU
		{3C716DB6-4E6E-485B-8C65-4BEA5FFBBB71}.Release|Any CPU.Build.0 = Release|Any CPU
		{706B135B-1354-43BD-B42E-BDD11A9623A1}.Debug|Any CPU.ActiveCfg = Debug|Any CPU
		{706B135B-1354-43BD-B42E-BDD11A9623A1}.Debug|Any CPU.Build.0 = Debug|Any CPU
		{706B135B-1354-43BD-B42E-BDD11A9623A1}.Release|Any CPU.ActiveCfg = Release|Any CPU
		{706B135B-1354-43BD-B42E-BDD11A9623A1}.Release|Any CPU.Build.0 = Release|Any CPU
		{0656CCA0-6E11-4D04-9792-2B46A2F36D58}.Debug|Any CPU.ActiveCfg = Debug|Any CPU
		{0656CCA0-6E11-4D04-9792-2B46A2F36D58}.Debug|Any CPU.Build.0 = Debug|Any CPU
		{0656CCA0-6E11-4D04-9792-2B46A2F36D58}.Release|Any CPU.ActiveCfg = Debug|Any CPU
		{0656CCA0-6E11-4D04-9792-2B46A2F36D58}.Release|Any CPU.Build.0 = Debug|Any CPU
	EndGlobalSection
	GlobalSection(SolutionProperties) = preSolution
		HideSolutionNode = FALSE
	EndGlobalSection
	GlobalSection(ExtensibilityGlobals) = postSolution
		EnterpriseLibraryConfigurationToolBinariesPathV6 = packages\EnterpriseLibrary.Common.6.0.1304.0\lib\NET45;packages\EnterpriseLibrary.ExceptionHandling.6.0.1304.0\lib\NET45;packages\EnterpriseLibrary.Logging.6.0.1304.0\lib\NET45
		SolutionGuid = {5F108AAA-DDA8-42BC-8607-00BB2DC16586}
	EndGlobalSection
EndGlobal
